// !$*UTF8*$!
{
	archiveVersion = 1;
	classes = {
	};
	objectVersion = 50;
	objects = {

/* Begin PBXBuildFile section */
		23762D25235F571200B3AFB4 /* AppDelegate.swift in Sources */ = {isa = PBXBuildFile; fileRef = 23762D24235F571200B3AFB4 /* AppDelegate.swift */; };
		23762D27235F571200B3AFB4 /* SceneDelegate.swift in Sources */ = {isa = PBXBuildFile; fileRef = 23762D26235F571200B3AFB4 /* SceneDelegate.swift */; };
		23762D2C235F571200B3AFB4 /* Main.storyboard in Resources */ = {isa = PBXBuildFile; fileRef = 23762D2A235F571200B3AFB4 /* Main.storyboard */; };
		23762D2E235F571300B3AFB4 /* Assets.xcassets in Resources */ = {isa = PBXBuildFile; fileRef = 23762D2D235F571300B3AFB4 /* Assets.xcassets */; };
		23762D31235F571300B3AFB4 /* LaunchScreen.storyboard in Resources */ = {isa = PBXBuildFile; fileRef = 23762D2F235F571300B3AFB4 /* LaunchScreen.storyboard */; };
		23762D3C235F5C3E00B3AFB4 /* Movie.swift in Sources */ = {isa = PBXBuildFile; fileRef = 23762D3B235F5C3E00B3AFB4 /* Movie.swift */; };
		23762D41235F5D7800B3AFB4 /* ModelObservers.swift in Sources */ = {isa = PBXBuildFile; fileRef = 23762D40235F5D7800B3AFB4 /* ModelObservers.swift */; };
		23762D44235F5DC700B3AFB4 /* MoviesViewModel.swift in Sources */ = {isa = PBXBuildFile; fileRef = 23762D43235F5DC700B3AFB4 /* MoviesViewModel.swift */; };
		23762D46235F5E0200B3AFB4 /* GenericDataSource.swift in Sources */ = {isa = PBXBuildFile; fileRef = 23762D45235F5E0200B3AFB4 /* GenericDataSource.swift */; };
		23762D48235F5E7200B3AFB4 /* MovieDBAPI.swift in Sources */ = {isa = PBXBuildFile; fileRef = 23762D47235F5E7200B3AFB4 /* MovieDBAPI.swift */; };
		23762D4A235F64F200B3AFB4 /* MovieDataSource.swift in Sources */ = {isa = PBXBuildFile; fileRef = 23762D49235F64F200B3AFB4 /* MovieDataSource.swift */; };
		23762D4D235F667B00B3AFB4 /* MovieCell.swift in Sources */ = {isa = PBXBuildFile; fileRef = 23762D4C235F667B00B3AFB4 /* MovieCell.swift */; };
		23762D53235F692F00B3AFB4 /* MovieViewModel.swift in Sources */ = {isa = PBXBuildFile; fileRef = 23762D52235F692F00B3AFB4 /* MovieViewModel.swift */; };
		23762D56235F6E6600B3AFB4 /* MoviesTableViewController.swift in Sources */ = {isa = PBXBuildFile; fileRef = 23762D55235F6E6600B3AFB4 /* MoviesTableViewController.swift */; };
/* End PBXBuildFile section */

/* Begin PBXFileReference section */
		23762D21235F571200B3AFB4 /* MVVMPractice.app */ = {isa = PBXFileReference; explicitFileType = wrapper.application; includeInIndex = 0; path = MVVMPractice.app; sourceTree = BUILT_PRODUCTS_DIR; };
		23762D24235F571200B3AFB4 /* AppDelegate.swift */ = {isa = PBXFileReference; lastKnownFileType = sourcecode.swift; path = AppDelegate.swift; sourceTree = "<group>"; };
		23762D26235F571200B3AFB4 /* SceneDelegate.swift */ = {isa = PBXFileReference; lastKnownFileType = sourcecode.swift; path = SceneDelegate.swift; sourceTree = "<group>"; };
		23762D2B235F571200B3AFB4 /* Base */ = {isa = PBXFileReference; lastKnownFileType = file.storyboard; name = Base; path = Base.lproj/Main.storyboard; sourceTree = "<group>"; };
		23762D2D235F571300B3AFB4 /* Assets.xcassets */ = {isa = PBXFileReference; lastKnownFileType = folder.assetcatalog; path = Assets.xcassets; sourceTree = "<group>"; };
		23762D30235F571300B3AFB4 /* Base */ = {isa = PBXFileReference; lastKnownFileType = file.storyboard; name = Base; path = Base.lproj/LaunchScreen.storyboard; sourceTree = "<group>"; };
		23762D32235F571300B3AFB4 /* Info.plist */ = {isa = PBXFileReference; lastKnownFileType = text.plist.xml; path = Info.plist; sourceTree = "<group>"; };
		23762D3B235F5C3E00B3AFB4 /* Movie.swift */ = {isa = PBXFileReference; lastKnownFileType = sourcecode.swift; path = Movie.swift; sourceTree = "<group>"; };
		23762D40235F5D7800B3AFB4 /* ModelObservers.swift */ = {isa = PBXFileReference; lastKnownFileType = sourcecode.swift; path = ModelObservers.swift; sourceTree = "<group>"; };
		23762D43235F5DC700B3AFB4 /* MoviesViewModel.swift */ = {isa = PBXFileReference; lastKnownFileType = sourcecode.swift; path = MoviesViewModel.swift; sourceTree = "<group>"; };
		23762D45235F5E0200B3AFB4 /* GenericDataSource.swift */ = {isa = PBXFileReference; lastKnownFileType = sourcecode.swift; path = GenericDataSource.swift; sourceTree = "<group>"; };
		23762D47235F5E7200B3AFB4 /* MovieDBAPI.swift */ = {isa = PBXFileReference; lastKnownFileType = sourcecode.swift; path = MovieDBAPI.swift; sourceTree = "<group>"; };
		23762D49235F64F200B3AFB4 /* MovieDataSource.swift */ = {isa = PBXFileReference; lastKnownFileType = sourcecode.swift; path = MovieDataSource.swift; sourceTree = "<group>"; };
		23762D4C235F667B00B3AFB4 /* MovieCell.swift */ = {isa = PBXFileReference; lastKnownFileType = sourcecode.swift; path = MovieCell.swift; sourceTree = "<group>"; };
		23762D52235F692F00B3AFB4 /* MovieViewModel.swift */ = {isa = PBXFileReference; lastKnownFileType = sourcecode.swift; path = MovieViewModel.swift; sourceTree = "<group>"; };
		23762D55235F6E6600B3AFB4 /* MoviesTableViewController.swift */ = {isa = PBXFileReference; lastKnownFileType = sourcecode.swift; path = MoviesTableViewController.swift; sourceTree = "<group>"; };
/* End PBXFileReference section */

/* Begin PBXFrameworksBuildPhase section */
		23762D1E235F571200B3AFB4 /* Frameworks */ = {
			isa = PBXFrameworksBuildPhase;
			buildActionMask = 2147483647;
			files = (
			);
			runOnlyForDeploymentPostprocessing = 0;
		};
/* End PBXFrameworksBuildPhase section */

/* Begin PBXGroup section */
		23762D18235F571200B3AFB4 = {
			isa = PBXGroup;
			children = (
				23762D23235F571200B3AFB4 /* MVVMPractice */,
				23762D22235F571200B3AFB4 /* Products */,
			);
			sourceTree = "<group>";
		};
		23762D22235F571200B3AFB4 /* Products */ = {
			isa = PBXGroup;
			children = (
				23762D21235F571200B3AFB4 /* MVVMPractice.app */,
			);
			name = Products;
			sourceTree = "<group>";
		};
		23762D23235F571200B3AFB4 /* MVVMPractice */ = {
			isa = PBXGroup;
			children = (
				23762D3A235F5B1000B3AFB4 /* Models */,
				23762D3F235F5CE600B3AFB4 /* Service */,
				23762D4B235F666B00B3AFB4 /* TableviewCells */,
				23762D54235F6E4F00B3AFB4 /* ViewControllers */,
				23762D39235F573700B3AFB4 /* Storyboards */,
				23762D38235F572E00B3AFB4 /* Resources */,
				23762D32235F571300B3AFB4 /* Info.plist */,
			);
			path = MVVMPractice;
			sourceTree = "<group>";
		};
		23762D38235F572E00B3AFB4 /* Resources */ = {
			isa = PBXGroup;
			children = (
				23762D24235F571200B3AFB4 /* AppDelegate.swift */,
				23762D2D235F571300B3AFB4 /* Assets.xcassets */,
				23762D26235F571200B3AFB4 /* SceneDelegate.swift */,
			);
			path = Resources;
			sourceTree = "<group>";
		};
		23762D39235F573700B3AFB4 /* Storyboards */ = {
			isa = PBXGroup;
			children = (
				23762D2A235F571200B3AFB4 /* Main.storyboard */,
				23762D2F235F571300B3AFB4 /* LaunchScreen.storyboard */,
			);
			path = Storyboards;
			sourceTree = "<group>";
		};
		23762D3A235F5B1000B3AFB4 /* Models */ = {
			isa = PBXGroup;
			children = (
				23762D51235F67F900B3AFB4 /* ModelHelpers */,
				23762D42235F5DB400B3AFB4 /* Movie */,
			);
			path = Models;
			sourceTree = "<group>";
		};
		23762D3F235F5CE600B3AFB4 /* Service */ = {
			isa = PBXGroup;
			children = (
				23762D47235F5E7200B3AFB4 /* MovieDBAPI.swift */,
			);
			path = Service;
			sourceTree = "<group>";
		};
		23762D42235F5DB400B3AFB4 /* Movie */ = {
			isa = PBXGroup;
			children = (
				23762D3B235F5C3E00B3AFB4 /* Movie.swift */,
				23762D43235F5DC700B3AFB4 /* MoviesViewModel.swift */,
				23762D49235F64F200B3AFB4 /* MovieDataSource.swift */,
			);
			path = Movie;
			sourceTree = "<group>";
		};
		23762D4B235F666B00B3AFB4 /* TableviewCells */ = {
			isa = PBXGroup;
			children = (
				23762D4E235F66BC00B3AFB4 /* MovieCell */,
			);
			path = TableviewCells;
			sourceTree = "<group>";
		};
		23762D4E235F66BC00B3AFB4 /* MovieCell */ = {
			isa = PBXGroup;
			children = (
				23762D4C235F667B00B3AFB4 /* MovieCell.swift */,
				23762D52235F692F00B3AFB4 /* MovieViewModel.swift */,
			);
			path = MovieCell;
			sourceTree = "<group>";
		};
		23762D51235F67F900B3AFB4 /* ModelHelpers */ = {
			isa = PBXGroup;
			children = (
				23762D45235F5E0200B3AFB4 /* GenericDataSource.swift */,
				23762D40235F5D7800B3AFB4 /* ModelObservers.swift */,
			);
			path = ModelHelpers;
			sourceTree = "<group>";
		};
		23762D54235F6E4F00B3AFB4 /* ViewControllers */ = {
			isa = PBXGroup;
			children = (
				23762D55235F6E6600B3AFB4 /* MoviesTableViewController.swift */,
			);
			path = ViewControllers;
			sourceTree = "<group>";
		};
/* End PBXGroup section */

/* Begin PBXNativeTarget section */
		23762D20235F571200B3AFB4 /* MVVMPractice */ = {
			isa = PBXNativeTarget;
			buildConfigurationList = 23762D35235F571300B3AFB4 /* Build configuration list for PBXNativeTarget "MVVMPractice" */;
			buildPhases = (
				23762D1D235F571200B3AFB4 /* Sources */,
				23762D1E235F571200B3AFB4 /* Frameworks */,
				23762D1F235F571200B3AFB4 /* Resources */,
			);
			buildRules = (
			);
			dependencies = (
			);
			name = MVVMPractice;
			productName = MVVMPractice;
			productReference = 23762D21235F571200B3AFB4 /* MVVMPractice.app */;
			productType = "com.apple.product-type.application";
		};
/* End PBXNativeTarget section */

/* Begin PBXProject section */
		23762D19235F571200B3AFB4 /* Project object */ = {
			isa = PBXProject;
			attributes = {
				LastSwiftUpdateCheck = 1110;
				LastUpgradeCheck = 1110;
				ORGANIZATIONNAME = SparqsDev;
				TargetAttributes = {
					23762D20235F571200B3AFB4 = {
						CreatedOnToolsVersion = 11.1;
					};
				};
			};
			buildConfigurationList = 23762D1C235F571200B3AFB4 /* Build configuration list for PBXProject "MVVMPractice" */;
			compatibilityVersion = "Xcode 9.3";
			developmentRegion = en;
			hasScannedForEncodings = 0;
			knownRegions = (
				en,
				Base,
			);
			mainGroup = 23762D18235F571200B3AFB4;
			productRefGroup = 23762D22235F571200B3AFB4 /* Products */;
			projectDirPath = "";
			projectRoot = "";
			targets = (
				23762D20235F571200B3AFB4 /* MVVMPractice */,
			);
		};
/* End PBXProject section */

/* Begin PBXResourcesBuildPhase section */
		23762D1F235F571200B3AFB4 /* Resources */ = {
			isa = PBXResourcesBuildPhase;
			buildActionMask = 2147483647;
			files = (
				23762D31235F571300B3AFB4 /* LaunchScreen.storyboard in Resources */,
				23762D2E235F571300B3AFB4 /* Assets.xcassets in Resources */,
				23762D2C235F571200B3AFB4 /* Main.storyboard in Resources */,
			);
			runOnlyForDeploymentPostprocessing = 0;
		};
/* End PBXResourcesBuildPhase section */

/* Begin PBXSourcesBuildPhase section */
		23762D1D235F571200B3AFB4 /* Sources */ = {
			isa = PBXSourcesBuildPhase;
			buildActionMask = 2147483647;
			files = (
				23762D25235F571200B3AFB4 /* AppDelegate.swift in Sources */,
				23762D44235F5DC700B3AFB4 /* MoviesViewModel.swift in Sources */,
				23762D4D235F667B00B3AFB4 /* MovieCell.swift in Sources */,
				23762D46235F5E0200B3AFB4 /* GenericDataSource.swift in Sources */,
				23762D4A235F64F200B3AFB4 /* MovieDataSource.swift in Sources */,
				23762D27235F571200B3AFB4 /* SceneDelegate.swift in Sources */,
				23762D3C235F5C3E00B3AFB4 /* Movie.swift in Sources */,
				23762D53235F692F00B3AFB4 /* MovieViewModel.swift in Sources */,
				23762D56235F6E6600B3AFB4 /* MoviesTableViewController.swift in Sources */,
				23762D48235F5E7200B3AFB4 /* MovieDBAPI.swift in Sources */,
				23762D41235F5D7800B3AFB4 /* ModelObservers.swift in Sources */,
			);
			runOnlyForDeploymentPostprocessing = 0;
		};
/* End PBXSourcesBuildPhase section */

/* Begin PBXVariantGroup section */
		23762D2A235F571200B3AFB4 /* Main.storyboard */ = {
			isa = PBXVariantGroup;
			children = (
				23762D2B235F571200B3AFB4 /* Base */,
			);
			name = Main.storyboard;
			sourceTree = "<group>";
		};
		23762D2F235F571300B3AFB4 /* LaunchScreen.storyboard */ = {
			isa = PBXVariantGroup;
			children = (
				23762D30235F571300B3AFB4 /* Base */,
			);
			name = LaunchScreen.storyboard;
			sourceTree = "<group>";
		};
/* End PBXVariantGroup section */

/* Begin XCBuildConfiguration section */
		23762D33235F571300B3AFB4 /* Debug */ = {
			isa = XCBuildConfiguration;
			buildSettings = {
				ALWAYS_SEARCH_USER_PATHS = NO;
				CLANG_ANALYZER_NONNULL = YES;
				CLANG_ANALYZER_NUMBER_OBJECT_CONVERSION = YES_AGGRESSIVE;
				CLANG_CXX_LANGUAGE_STANDARD = "gnu++14";
				CLANG_CXX_LIBRARY = "libc++";
				CLANG_ENABLE_MODULES = YES;
				CLANG_ENABLE_OBJC_ARC = YES;
				CLANG_ENABLE_OBJC_WEAK = YES;
				CLANG_WARN_BLOCK_CAPTURE_AUTORELEASING = YES;
				CLANG_WARN_BOOL_CONVERSION = YES;
				CLANG_WARN_COMMA = YES;
				CLANG_WARN_CONSTANT_CONVERSION = YES;
				CLANG_WARN_DEPRECATED_OBJC_IMPLEMENTATIONS = YES;
				CLANG_WARN_DIRECT_OBJC_ISA_USAGE = YES_ERROR;
				CLANG_WARN_DOCUMENTATION_COMMENTS = YES;
				CLANG_WARN_EMPTY_BODY = YES;
				CLANG_WARN_ENUM_CONVERSION = YES;
				CLANG_WARN_INFINITE_RECURSION = YES;
				CLANG_WARN_INT_CONVERSION = YES;
				CLANG_WARN_NON_LITERAL_NULL_CONVERSION = YES;
				CLANG_WARN_OBJC_IMPLICIT_RETAIN_SELF = YES;
				CLANG_WARN_OBJC_LITERAL_CONVERSION = YES;
				CLANG_WARN_OBJC_ROOT_CLASS = YES_ERROR;
				CLANG_WARN_RANGE_LOOP_ANALYSIS = YES;
				CLANG_WARN_STRICT_PROTOTYPES = YES;
				CLANG_WARN_SUSPICIOUS_MOVE = YES;
				CLANG_WARN_UNGUARDED_AVAILABILITY = YES_AGGRESSIVE;
				CLANG_WARN_UNREACHABLE_CODE = YES;
				CLANG_WARN__DUPLICATE_METHOD_MATCH = YES;
				COPY_PHASE_STRIP = NO;
				DEBUG_INFORMATION_FORMAT = dwarf;
				ENABLE_STRICT_OBJC_MSGSEND = YES;
				ENABLE_TESTABILITY = YES;
				GCC_C_LANGUAGE_STANDARD = gnu11;
				GCC_DYNAMIC_NO_PIC = NO;
				GCC_NO_COMMON_BLOCKS = YES;
				GCC_OPTIMIZATION_LEVEL = 0;
				GCC_PREPROCESSOR_DEFINITIONS = (
					"DEBUG=1",
					"$(inherited)",
				);
				GCC_WARN_64_TO_32_BIT_CONVERSION = YES;
				GCC_WARN_ABOUT_RETURN_TYPE = YES_ERROR;
				GCC_WARN_UNDECLARED_SELECTOR = YES;
				GCC_WARN_UNINITIALIZED_AUTOS = YES_AGGRESSIVE;
				GCC_WARN_UNUSED_FUNCTION = YES;
				GCC_WARN_UNUSED_VARIABLE = YES;
				IPHONEOS_DEPLOYMENT_TARGET = 13.1;
				MTL_ENABLE_DEBUG_INFO = INCLUDE_SOURCE;
				MTL_FAST_MATH = YES;
				ONLY_ACTIVE_ARCH = YES;
				SDKROOT = iphoneos;
				SWIFT_ACTIVE_COMPILATION_CONDITIONS = DEBUG;
				SWIFT_OPTIMIZATION_LEVEL = "-Onone";
			};
			name = Debug;
		};
		23762D34235F571300B3AFB4 /* Release */ = {
			isa = XCBuildConfiguration;
			buildSettings = {
				ALWAYS_SEARCH_USER_PATHS = NO;
				CLANG_ANALYZER_NONNULL = YES;
				CLANG_ANALYZER_NUMBER_OBJECT_CONVERSION = YES_AGGRESSIVE;
				CLANG_CXX_LANGUAGE_STANDARD = "gnu++14";
				CLANG_CXX_LIBRARY = "libc++";
				CLANG_ENABLE_MODULES = YES;
				CLANG_ENABLE_OBJC_ARC = YES;
				CLANG_ENABLE_OBJC_WEAK = YES;
				CLANG_WARN_BLOCK_CAPTURE_AUTORELEASING = YES;
				CLANG_WARN_BOOL_CONVERSION = YES;
				CLANG_WARN_COMMA = YES;
				CLANG_WARN_CONSTANT_CONVERSION = YES;
				CLANG_WARN_DEPRECATED_OBJC_IMPLEMENTATIONS = YES;
				CLANG_WARN_DIRECT_OBJC_ISA_USAGE = YES_ERROR;
				CLANG_WARN_DOCUMENTATION_COMMENTS = YES;
				CLANG_WARN_EMPTY_BODY = YES;
				CLANG_WARN_ENUM_CONVERSION = YES;
				CLANG_WARN_INFINITE_RECURSION = YES;
				CLANG_WARN_INT_CONVERSION = YES;
				CLANG_WARN_NON_LITERAL_NULL_CONVERSION = YES;
				CLANG_WARN_OBJC_IMPLICIT_RETAIN_SELF = YES;
				CLANG_WARN_OBJC_LITERAL_CONVERSION = YES;
				CLANG_WARN_OBJC_ROOT_CLASS = YES_ERROR;
				CLANG_WARN_RANGE_LOOP_ANALYSIS = YES;
				CLANG_WARN_STRICT_PROTOTYPES = YES;
				CLANG_WARN_SUSPICIOUS_MOVE = YES;
				CLANG_WARN_UNGUARDED_AVAILABILITY = YES_AGGRESSIVE;
				CLANG_WARN_UNREACHABLE_CODE = YES;
				CLANG_WARN__DUPLICATE_METHOD_MATCH = YES;
				COPY_PHASE_STRIP = NO;
				DEBUG_INFORMATION_FORMAT = "dwarf-with-dsym";
				ENABLE_NS_ASSERTIONS = NO;
				ENABLE_STRICT_OBJC_MSGSEND = YES;
				GCC_C_LANGUAGE_STANDARD = gnu11;
				GCC_NO_COMMON_BLOCKS = YES;
				GCC_WARN_64_TO_32_BIT_CONVERSION = YES;
				GCC_WARN_ABOUT_RETURN_TYPE = YES_ERROR;
				GCC_WARN_UNDECLARED_SELECTOR = YES;
				GCC_WARN_UNINITIALIZED_AUTOS = YES_AGGRESSIVE;
				GCC_WARN_UNUSED_FUNCTION = YES;
				GCC_WARN_UNUSED_VARIABLE = YES;
				IPHONEOS_DEPLOYMENT_TARGET = 13.1;
				MTL_ENABLE_DEBUG_INFO = NO;
				MTL_FAST_MATH = YES;
				SDKROOT = iphoneos;
				SWIFT_COMPILATION_MODE = wholemodule;
				SWIFT_OPTIMIZATION_LEVEL = "-O";
				VALIDATE_PRODUCT = YES;
			};
			name = Release;
		};
		23762D36235F571300B3AFB4 /* Debug */ = {
			isa = XCBuildConfiguration;
			buildSettings = {
				ASSETCATALOG_COMPILER_APPICON_NAME = AppIcon;
				CODE_SIGN_STYLE = Automatic;
				DEVELOPMENT_TEAM = RE524LJXV2;
				INFOPLIST_FILE = MVVMPractice/Info.plist;
				LD_RUNPATH_SEARCH_PATHS = (
					"$(inherited)",
					"@executable_path/Frameworks",
				);
				PRODUCT_BUNDLE_IDENTIFIER = SparqsDev.MVVMPractice;
				PRODUCT_NAME = "$(TARGET_NAME)";
				SWIFT_VERSION = 5.0;
				TARGETED_DEVICE_FAMILY = "1,2";
			};
			name = Debug;
		};
		23762D37235F571300B3AFB4 /* Release */ = {
			isa = XCBuildConfiguration;
			buildSettings = {
				ASSETCATALOG_COMPILER_APPICON_NAME = AppIcon;
				CODE_SIGN_STYLE = Automatic;
				DEVELOPMENT_TEAM = RE524LJXV2;
				INFOPLIST_FILE = MVVMPractice/Info.plist;
				LD_RUNPATH_SEARCH_PATHS = (
					"$(inherited)",
					"@executable_path/Frameworks",
				);
				PRODUCT_BUNDLE_IDENTIFIER = SparqsDev.MVVMPractice;
				PRODUCT_NAME = "$(TARGET_NAME)";
				SWIFT_VERSION = 5.0;
				TARGETED_DEVICE_FAMILY = "1,2";
			};
			name = Release;
		};
/* End XCBuildConfiguration section */

/* Begin XCConfigurationList section */
		23762D1C235F571200B3AFB4 /* Build configuration list for PBXProject "MVVMPractice" */ = {
			isa = XCConfigurationList;
			buildConfigurations = (
				23762D33235F571300B3AFB4 /* Debug */,
				23762D34235F571300B3AFB4 /* Release */,
			);
			defaultConfigurationIsVisible = 0;
			defaultConfigurationName = Release;
		};
		23762D35235F571300B3AFB4 /* Build configuration list for PBXNativeTarget "MVVMPractice" */ = {
			isa = XCConfigurationList;
			buildConfigurations = (
				23762D36235F571300B3AFB4 /* Debug */,
				23762D37235F571300B3AFB4 /* Release */,
			);
			defaultConfigurationIsVisible = 0;
			defaultConfigurationName = Release;
		};
/* End XCConfigurationList section */
	};
	rootObject = 23762D19235F571200B3AFB4 /* Project object */;
}
